
Microsoft Visual Studio Solution File, Format Version 12.00
# Visual Studio 15
VisualStudioVersion = 15.0.26730.12
MinimumVisualStudioVersion = 15.0.26124.0
Project("{2150E333-8FDC-42A3-9474-1A3956D46DE8}") = "Example 1 - Thread Size", "Example 1 - Thread Size", "{AB26A024-5AB3-4CF5-91D3-E446B45BB9E4}"
EndProject
Project("{FAE04EC0-301F-11D3-BF4B-00C04F79EFBC}") = "ThreadSize", "ThreadSize\ThreadSize.csproj", "{B498CC93-0464-402C-AFC1-EBCF1F9EB73A}"
EndProject
Global
	GlobalSection(SolutionConfigurationPlatforms) = preSolution
		Debug|Any CPU = Debug|Any CPU
		Debug|x64 = Debug|x64
		Debug|x86 = Debug|x86
		Release|Any CPU = Release|Any CPU
		Release|x64 = Release|x64
		Release|x86 = Release|x86
	EndGlobalSection
	GlobalSection(ProjectConfigurationPlatforms) = postSolution
		{B498CC93-0464-402C-AFC1-EBCF1F9EB73A}.Debug|Any CPU.ActiveCfg = Debug|Any CPU
		{B498CC93-0464-402C-AFC1-EBCF1F9EB73A}.Debug|Any CPU.Build.0 = Debug|Any CPU
		{B498CC93-0464-402C-AFC1-EBCF1F9EB73A}.Debug|x64.ActiveCfg = Debug|Any CPU
		{B498CC93-0464-402C-AFC1-EBCF1F9EB73A}.Debug|x64.Build.0 = Debug|Any CPU
		{B498CC93-0464-402C-AFC1-EBCF1F9EB73A}.Debug|x86.ActiveCfg = Debug|Any CPU
		{B498CC93-0464-402C-AFC1-EBCF1F9EB73A}.Debug|x86.Build.0 = Debug|Any CPU
		{B498CC93-0464-402C-AFC1-EBCF1F9EB73A}.Release|Any CPU.ActiveCfg = Release|Any CPU
		{B498CC93-0464-402C-AFC1-EBCF1F9EB73A}.Release|Any CPU.Build.0 = Release|Any CPU
		{B498CC93-0464-402C-AFC1-EBCF1F9EB73A}.Release|x64.ActiveCfg = Release|Any CPU
		{B498CC93-0464-402C-AFC1-EBCF1F9EB73A}.Release|x64.Build.0 = Release|Any CPU
		{B498CC93-0464-402C-AFC1-EBCF1F9EB73A}.Release|x86.ActiveCfg = Release|Any CPU
		{B498CC93-0464-402C-AFC1-EBCF1F9EB73A}.Release|x86.Build.0 = Release|Any CPU
	EndGlobalSection
	GlobalSection(SolutionProperties) = preSolution
		HideSolutionNode = FALSE
	EndGlobalSection
	GlobalSection(NestedProjects) = preSolution
		{B498CC93-0464-402C-AFC1-EBCF1F9EB73A} = {AB26A024-5AB3-4CF5-91D3-E446B45BB9E4}
	EndGlobalSection
	GlobalSection(ExtensibilityGlobals) = postSolution
		SolutionGuid = {32227669-A72E-488A-AF14-6A25AEE9B413}
	EndGlobalSection
EndGlobal
