
Microsoft Visual Studio Solution File, Format Version 12.00
# Visual Studio 15
VisualStudioVersion = 15.0.26730.12
MinimumVisualStudioVersion = 15.0.26124.0
Project("{2150E333-8FDC-42A3-9474-1A3956D46DE8}") = "Example 1 - Thread Size", "Example 1 - Thread Size", "{AB26A024-5AB3-4CF5-91D3-E446B45BB9E4}"
EndProject
Project("{9A19103F-16F7-4668-BE54-9A1E7A4F7556}") = "ThreadSize", "ThreadSize\ThreadSize.csproj", "{B498CC93-0464-402C-AFC1-EBCF1F9EB73A}"
EndProject
Project("{2150E333-8FDC-42A3-9474-1A3956D46DE8}") = "Example 2 - Blocked vs. Running Threads", "Example 2 - Blocked vs. Running Threads", "{50422D1E-1BB3-4A72-ABB9-3E415F8FEC5C}"
EndProject
Project("{FAE04EC0-301F-11D3-BF4B-00C04F79EFBC}") = "BlockedAndRunningThreads", "BlockedAndRunningThreads\BlockedAndRunningThreads.csproj", "{B1BDFCAF-D6FE-4F53-9656-30035928BF37}"
EndProject
Global
	GlobalSection(SolutionConfigurationPlatforms) = preSolution
		Debug|Any CPU = Debug|Any CPU
		Debug|x64 = Debug|x64
		Debug|x86 = Debug|x86
		Release|Any CPU = Release|Any CPU
		Release|x64 = Release|x64
		Release|x86 = Release|x86
	EndGlobalSection
	GlobalSection(ProjectConfigurationPlatforms) = postSolution
		{B498CC93-0464-402C-AFC1-EBCF1F9EB73A}.Debug|Any CPU.ActiveCfg = Debug|Any CPU
		{B498CC93-0464-402C-AFC1-EBCF1F9EB73A}.Debug|Any CPU.Build.0 = Debug|Any CPU
		{B498CC93-0464-402C-AFC1-EBCF1F9EB73A}.Debug|x64.ActiveCfg = Debug|Any CPU
		{B498CC93-0464-402C-AFC1-EBCF1F9EB73A}.Debug|x64.Build.0 = Debug|Any CPU
		{B498CC93-0464-402C-AFC1-EBCF1F9EB73A}.Debug|x86.ActiveCfg = Debug|Any CPU
		{B498CC93-0464-402C-AFC1-EBCF1F9EB73A}.Debug|x86.Build.0 = Debug|Any CPU
		{B498CC93-0464-402C-AFC1-EBCF1F9EB73A}.Release|Any CPU.ActiveCfg = Release|Any CPU
		{B498CC93-0464-402C-AFC1-EBCF1F9EB73A}.Release|Any CPU.Build.0 = Release|Any CPU
		{B498CC93-0464-402C-AFC1-EBCF1F9EB73A}.Release|x64.ActiveCfg = Release|Any CPU
		{B498CC93-0464-402C-AFC1-EBCF1F9EB73A}.Release|x64.Build.0 = Release|Any CPU
		{B498CC93-0464-402C-AFC1-EBCF1F9EB73A}.Release|x86.ActiveCfg = Release|Any CPU
		{B498CC93-0464-402C-AFC1-EBCF1F9EB73A}.Release|x86.Build.0 = Release|Any CPU
		{B1BDFCAF-D6FE-4F53-9656-30035928BF37}.Debug|Any CPU.ActiveCfg = Debug|Any CPU
		{B1BDFCAF-D6FE-4F53-9656-30035928BF37}.Debug|Any CPU.Build.0 = Debug|Any CPU
		{B1BDFCAF-D6FE-4F53-9656-30035928BF37}.Debug|x64.ActiveCfg = Debug|Any CPU
		{B1BDFCAF-D6FE-4F53-9656-30035928BF37}.Debug|x64.Build.0 = Debug|Any CPU
		{B1BDFCAF-D6FE-4F53-9656-30035928BF37}.Debug|x86.ActiveCfg = Debug|Any CPU
		{B1BDFCAF-D6FE-4F53-9656-30035928BF37}.Debug|x86.Build.0 = Debug|Any CPU
		{B1BDFCAF-D6FE-4F53-9656-30035928BF37}.Release|Any CPU.ActiveCfg = Release|Any CPU
		{B1BDFCAF-D6FE-4F53-9656-30035928BF37}.Release|Any CPU.Build.0 = Release|Any CPU
		{B1BDFCAF-D6FE-4F53-9656-30035928BF37}.Release|x64.ActiveCfg = Release|Any CPU
		{B1BDFCAF-D6FE-4F53-9656-30035928BF37}.Release|x64.Build.0 = Release|Any CPU
		{B1BDFCAF-D6FE-4F53-9656-30035928BF37}.Release|x86.ActiveCfg = Release|Any CPU
		{B1BDFCAF-D6FE-4F53-9656-30035928BF37}.Release|x86.Build.0 = Release|Any CPU
	EndGlobalSection
	GlobalSection(SolutionProperties) = preSolution
		HideSolutionNode = FALSE
	EndGlobalSection
	GlobalSection(NestedProjects) = preSolution
		{B498CC93-0464-402C-AFC1-EBCF1F9EB73A} = {AB26A024-5AB3-4CF5-91D3-E446B45BB9E4}
		{B1BDFCAF-D6FE-4F53-9656-30035928BF37} = {50422D1E-1BB3-4A72-ABB9-3E415F8FEC5C}
	EndGlobalSection
	GlobalSection(ExtensibilityGlobals) = postSolution
		SolutionGuid = {32227669-A72E-488A-AF14-6A25AEE9B413}
	EndGlobalSection
EndGlobal
